// !$*UTF8*$!
{
	archiveVersion = 1;
	classes = {
	};
	objectVersion = 50;
	objects = {

/* Begin PBXBuildFile section */
		1D9263ECB8D8C035944076D0 /* Pods_GalleryImagesUploadTests.framework in Frameworks */ = {isa = PBXBuildFile; fileRef = E4C882A2CD114DEC05179A6D /* Pods_GalleryImagesUploadTests.framework */; };
		698BB6277A7EA60AF3B39DCC /* Pods_GalleryImagesUpload.framework in Frameworks */ = {isa = PBXBuildFile; fileRef = 59677416B61D945A0ACDC953 /* Pods_GalleryImagesUpload.framework */; };
		E340A0A8212556F600BAC623 /* BaseTableViewCell.swift in Sources */ = {isa = PBXBuildFile; fileRef = E340A0A7212556F500BAC623 /* BaseTableViewCell.swift */; };
		E340A0AA2125570C00BAC623 /* GalleryCell.swift in Sources */ = {isa = PBXBuildFile; fileRef = E340A0A92125570C00BAC623 /* GalleryCell.swift */; };
		E340A0AC2125571B00BAC623 /* GalleryCellPresenter.swift in Sources */ = {isa = PBXBuildFile; fileRef = E340A0AB2125571B00BAC623 /* GalleryCellPresenter.swift */; };
		E340A0AF2125679D00BAC623 /* Image.swift in Sources */ = {isa = PBXBuildFile; fileRef = E340A0AE2125679D00BAC623 /* Image.swift */; };
		E340A0B12125B92600BAC623 /* GoogleService-Info.plist in Resources */ = {isa = PBXBuildFile; fileRef = E340A0B02125B92600BAC623 /* GoogleService-Info.plist */; };
		E340A0BC2125C9F200BAC623 /* OperationResult.swift in Sources */ = {isa = PBXBuildFile; fileRef = E340A0BB2125C9F200BAC623 /* OperationResult.swift */; };
		E340A0BE2125CA4600BAC623 /* OperationError.swift in Sources */ = {isa = PBXBuildFile; fileRef = E340A0BD2125CA4600BAC623 /* OperationError.swift */; };
		E340A0C02125D16700BAC623 /* ImagesManager.swift in Sources */ = {isa = PBXBuildFile; fileRef = E340A0BF2125D16700BAC623 /* ImagesManager.swift */; };
		E340A0C22125D18B00BAC623 /* ImagesManagerProtocol.swift in Sources */ = {isa = PBXBuildFile; fileRef = E340A0C12125D18B00BAC623 /* ImagesManagerProtocol.swift */; };
		E38710FF2125F36100AF2DC0 /* ImagesManagerAssembly.swift in Sources */ = {isa = PBXBuildFile; fileRef = E38710FE2125F36100AF2DC0 /* ImagesManagerAssembly.swift */; };
		E38711032126108D00AF2DC0 /* UIImage+Extensions.swift in Sources */ = {isa = PBXBuildFile; fileRef = E38711022126108D00AF2DC0 /* UIImage+Extensions.swift */; };
		E3A945FF212831060090A1D1 /* DataLoaderTests.swift in Sources */ = {isa = PBXBuildFile; fileRef = E3A945FD212831060090A1D1 /* DataLoaderTests.swift */; };
		E3A94600212831060090A1D1 /* DependencyManagerTests.swift in Sources */ = {isa = PBXBuildFile; fileRef = E3A945FE212831060090A1D1 /* DependencyManagerTests.swift */; };
		E3A94602212831330090A1D1 /* OperationResultTests.swift in Sources */ = {isa = PBXBuildFile; fileRef = E3A94601212831330090A1D1 /* OperationResultTests.swift */; };
		E3A94608212854390090A1D1 /* ImagesManagerTests.swift in Sources */ = {isa = PBXBuildFile; fileRef = E3A94607212854390090A1D1 /* ImagesManagerTests.swift */; };
		E3A9460A212854780090A1D1 /* DataLoaderStub.swift in Sources */ = {isa = PBXBuildFile; fileRef = E3A94609212854780090A1D1 /* DataLoaderStub.swift */; };
		E3A9460D212882480090A1D1 /* ImageDatabaseProtocol.swift in Sources */ = {isa = PBXBuildFile; fileRef = E3A9460C212882480090A1D1 /* ImageDatabaseProtocol.swift */; };
		E3A9460F212882560090A1D1 /* ImageDatabase.swift in Sources */ = {isa = PBXBuildFile; fileRef = E3A9460E212882560090A1D1 /* ImageDatabase.swift */; };
		E3A9461221288CDB0090A1D1 /* ImageDataProcessorProtocol.swift in Sources */ = {isa = PBXBuildFile; fileRef = E3A9461121288CDB0090A1D1 /* ImageDataProcessorProtocol.swift */; };
		E3A9461421288D0A0090A1D1 /* ImageDataProcessor.swift in Sources */ = {isa = PBXBuildFile; fileRef = E3A9461321288D0A0090A1D1 /* ImageDataProcessor.swift */; };
		E3A94616212891E00090A1D1 /* ImageDatabaseTests.swift in Sources */ = {isa = PBXBuildFile; fileRef = E3A94615212891E00090A1D1 /* ImageDatabaseTests.swift */; };
		E3A94619212895D60090A1D1 /* testData.json in Resources */ = {isa = PBXBuildFile; fileRef = E3A94618212895D60090A1D1 /* testData.json */; };
		E3A9461B2128A4DB0090A1D1 /* ImageDatabaseStub.swift in Sources */ = {isa = PBXBuildFile; fileRef = E3A9461A2128A4DB0090A1D1 /* ImageDatabaseStub.swift */; };
		E3A9461D2128A6520090A1D1 /* ImageDataProcessorTests.swift in Sources */ = {isa = PBXBuildFile; fileRef = E3A9461C2128A6520090A1D1 /* ImageDataProcessorTests.swift */; };
		E3A946212128A7F30090A1D1 /* testImage.jpg in Resources */ = {isa = PBXBuildFile; fileRef = E3A946202128A7F30090A1D1 /* testImage.jpg */; };
		E3A946232128ACA40090A1D1 /* ImageDataProcessorStub.swift in Sources */ = {isa = PBXBuildFile; fileRef = E3A946222128ACA40090A1D1 /* ImageDataProcessorStub.swift */; };
		E3A946252128C1EB0090A1D1 /* ImagesManagerStub.swift in Sources */ = {isa = PBXBuildFile; fileRef = E3A946242128C1EB0090A1D1 /* ImagesManagerStub.swift */; };
		E3BD8A7321246C000062C6B3 /* AppDelegate.swift in Sources */ = {isa = PBXBuildFile; fileRef = E3BD8A7221246C000062C6B3 /* AppDelegate.swift */; };
		E3BD8A7821246C000062C6B3 /* Main.storyboard in Resources */ = {isa = PBXBuildFile; fileRef = E3BD8A7621246C000062C6B3 /* Main.storyboard */; };
		E3BD8A7A21246C010062C6B3 /* Assets.xcassets in Resources */ = {isa = PBXBuildFile; fileRef = E3BD8A7921246C010062C6B3 /* Assets.xcassets */; };
		E3BD8A7D21246C010062C6B3 /* LaunchScreen.storyboard in Resources */ = {isa = PBXBuildFile; fileRef = E3BD8A7B21246C010062C6B3 /* LaunchScreen.storyboard */; };
		E3BD8A9921246D500062C6B3 /* GalleryViewController.swift in Sources */ = {isa = PBXBuildFile; fileRef = E3BD8A9621246D500062C6B3 /* GalleryViewController.swift */; };
		E3BD8A9D212471D00062C6B3 /* Presenter.swift in Sources */ = {isa = PBXBuildFile; fileRef = E3BD8A9C212471D00062C6B3 /* Presenter.swift */; };
		E3BD8A9F212471DA0062C6B3 /* View.swift in Sources */ = {isa = PBXBuildFile; fileRef = E3BD8A9E212471DA0062C6B3 /* View.swift */; };
		E3BD8AA3212471FD0062C6B3 /* ScreenPresenter.swift in Sources */ = {isa = PBXBuildFile; fileRef = E3BD8AA2212471FD0062C6B3 /* ScreenPresenter.swift */; };
		E3BD8AA52124720A0062C6B3 /* ScreenView.swift in Sources */ = {isa = PBXBuildFile; fileRef = E3BD8AA42124720A0062C6B3 /* ScreenView.swift */; };
		E3BD8AA7212474A40062C6B3 /* GalleryProtocols.swift in Sources */ = {isa = PBXBuildFile; fileRef = E3BD8AA6212474A40062C6B3 /* GalleryProtocols.swift */; };
		E3BD8AA92124755F0062C6B3 /* BaseViewController.swift in Sources */ = {isa = PBXBuildFile; fileRef = E3BD8AA82124755F0062C6B3 /* BaseViewController.swift */; };
		E3BD8AAB212475C60062C6B3 /* GalleryPresenter.swift in Sources */ = {isa = PBXBuildFile; fileRef = E3BD8AAA212475C60062C6B3 /* GalleryPresenter.swift */; };
		E3BD8AAE212477410062C6B3 /* GalleryAssembly.swift in Sources */ = {isa = PBXBuildFile; fileRef = E3BD8AAD212477410062C6B3 /* GalleryAssembly.swift */; };
		E3BD8AB02124781D0062C6B3 /* DependencyManager.swift in Sources */ = {isa = PBXBuildFile; fileRef = E3BD8AAF2124781D0062C6B3 /* DependencyManager.swift */; };
		E3BD8AB62124B8900062C6B3 /* ImagePicker.swift in Sources */ = {isa = PBXBuildFile; fileRef = E3BD8AB52124B8900062C6B3 /* ImagePicker.swift */; };
		E3DB72062126B57800AEDB7B /* DataLoaderProtocol.swift in Sources */ = {isa = PBXBuildFile; fileRef = E3DB72042126B57800AEDB7B /* DataLoaderProtocol.swift */; };
		E3DB72072126B57800AEDB7B /* DataLoader.swift in Sources */ = {isa = PBXBuildFile; fileRef = E3DB72052126B57800AEDB7B /* DataLoader.swift */; };
		E3DB72112127152300AEDB7B /* PreviewProtocols.swift in Sources */ = {isa = PBXBuildFile; fileRef = E3DB72102127152300AEDB7B /* PreviewProtocols.swift */; };
		E3DB72132127154000AEDB7B /* PreviewPresenter.swift in Sources */ = {isa = PBXBuildFile; fileRef = E3DB72122127154000AEDB7B /* PreviewPresenter.swift */; };
		E3DB72152127154F00AEDB7B /* PreviewViewController.swift in Sources */ = {isa = PBXBuildFile; fileRef = E3DB72142127154F00AEDB7B /* PreviewViewController.swift */; };
		E3DB72172127181000AEDB7B /* DateFormatter+Extensions.swift in Sources */ = {isa = PBXBuildFile; fileRef = E3DB72162127181000AEDB7B /* DateFormatter+Extensions.swift */; };
		E3DB721921271CC400AEDB7B /* PreviewAssembly.swift in Sources */ = {isa = PBXBuildFile; fileRef = E3DB721821271CC400AEDB7B /* PreviewAssembly.swift */; };
/* End PBXBuildFile section */

/* Begin PBXContainerItemProxy section */
		E3BD8A8421246C010062C6B3 /* PBXContainerItemProxy */ = {
			isa = PBXContainerItemProxy;
			containerPortal = E3BD8A6721246C000062C6B3 /* Project object */;
			proxyType = 1;
			remoteGlobalIDString = E3BD8A6E21246C000062C6B3;
			remoteInfo = GalleryImagesUpload;
		};
/* End PBXContainerItemProxy section */

/* Begin PBXFileReference section */
		373279814CB5C81B2406B645 /* Pods-GalleryImagesUpload.debug.xcconfig */ = {isa = PBXFileReference; includeInIndex = 1; lastKnownFileType = text.xcconfig; name = "Pods-GalleryImagesUpload.debug.xcconfig"; path = "Pods/Target Support Files/Pods-GalleryImagesUpload/Pods-GalleryImagesUpload.debug.xcconfig"; sourceTree = "<group>"; };
		59677416B61D945A0ACDC953 /* Pods_GalleryImagesUpload.framework */ = {isa = PBXFileReference; explicitFileType = wrapper.framework; includeInIndex = 0; path = Pods_GalleryImagesUpload.framework; sourceTree = BUILT_PRODUCTS_DIR; };
		6AFC23F264A1BF908A2333E8 /* Pods-GalleryImagesUploadTests.release.xcconfig */ = {isa = PBXFileReference; includeInIndex = 1; lastKnownFileType = text.xcconfig; name = "Pods-GalleryImagesUploadTests.release.xcconfig"; path = "Pods/Target Support Files/Pods-GalleryImagesUploadTests/Pods-GalleryImagesUploadTests.release.xcconfig"; sourceTree = "<group>"; };
		A3C914C76C8B25A31AC82ACE /* Pods-GalleryImagesUploadTests.debug.xcconfig */ = {isa = PBXFileReference; includeInIndex = 1; lastKnownFileType = text.xcconfig; name = "Pods-GalleryImagesUploadTests.debug.xcconfig"; path = "Pods/Target Support Files/Pods-GalleryImagesUploadTests/Pods-GalleryImagesUploadTests.debug.xcconfig"; sourceTree = "<group>"; };
		E340A0A7212556F500BAC623 /* BaseTableViewCell.swift */ = {isa = PBXFileReference; fileEncoding = 4; lastKnownFileType = sourcecode.swift; path = BaseTableViewCell.swift; sourceTree = "<group>"; };
		E340A0A92125570C00BAC623 /* GalleryCell.swift */ = {isa = PBXFileReference; lastKnownFileType = sourcecode.swift; path = GalleryCell.swift; sourceTree = "<group>"; };
		E340A0AB2125571B00BAC623 /* GalleryCellPresenter.swift */ = {isa = PBXFileReference; lastKnownFileType = sourcecode.swift; path = GalleryCellPresenter.swift; sourceTree = "<group>"; };
		E340A0AE2125679D00BAC623 /* Image.swift */ = {isa = PBXFileReference; lastKnownFileType = sourcecode.swift; path = Image.swift; sourceTree = "<group>"; };
		E340A0B02125B92600BAC623 /* GoogleService-Info.plist */ = {isa = PBXFileReference; fileEncoding = 4; lastKnownFileType = text.plist.xml; path = "GoogleService-Info.plist"; sourceTree = "<group>"; };
		E340A0BB2125C9F200BAC623 /* OperationResult.swift */ = {isa = PBXFileReference; lastKnownFileType = sourcecode.swift; path = OperationResult.swift; sourceTree = "<group>"; };
		E340A0BD2125CA4600BAC623 /* OperationError.swift */ = {isa = PBXFileReference; lastKnownFileType = sourcecode.swift; path = OperationError.swift; sourceTree = "<group>"; };
		E340A0BF2125D16700BAC623 /* ImagesManager.swift */ = {isa = PBXFileReference; lastKnownFileType = sourcecode.swift; path = ImagesManager.swift; sourceTree = "<group>"; };
		E340A0C12125D18B00BAC623 /* ImagesManagerProtocol.swift */ = {isa = PBXFileReference; lastKnownFileType = sourcecode.swift; path = ImagesManagerProtocol.swift; sourceTree = "<group>"; };
		E38710FE2125F36100AF2DC0 /* ImagesManagerAssembly.swift */ = {isa = PBXFileReference; lastKnownFileType = sourcecode.swift; path = ImagesManagerAssembly.swift; sourceTree = "<group>"; };
		E38711022126108D00AF2DC0 /* UIImage+Extensions.swift */ = {isa = PBXFileReference; lastKnownFileType = sourcecode.swift; path = "UIImage+Extensions.swift"; sourceTree = "<group>"; };
		E3A945FD212831060090A1D1 /* DataLoaderTests.swift */ = {isa = PBXFileReference; fileEncoding = 4; lastKnownFileType = sourcecode.swift; path = DataLoaderTests.swift; sourceTree = "<group>"; };
		E3A945FE212831060090A1D1 /* DependencyManagerTests.swift */ = {isa = PBXFileReference; fileEncoding = 4; lastKnownFileType = sourcecode.swift; path = DependencyManagerTests.swift; sourceTree = "<group>"; };
		E3A94601212831330090A1D1 /* OperationResultTests.swift */ = {isa = PBXFileReference; lastKnownFileType = sourcecode.swift; path = OperationResultTests.swift; sourceTree = "<group>"; };
		E3A94607212854390090A1D1 /* ImagesManagerTests.swift */ = {isa = PBXFileReference; fileEncoding = 4; lastKnownFileType = sourcecode.swift; path = ImagesManagerTests.swift; sourceTree = "<group>"; };
		E3A94609212854780090A1D1 /* DataLoaderStub.swift */ = {isa = PBXFileReference; lastKnownFileType = sourcecode.swift; path = DataLoaderStub.swift; sourceTree = "<group>"; };
		E3A9460C212882480090A1D1 /* ImageDatabaseProtocol.swift */ = {isa = PBXFileReference; lastKnownFileType = sourcecode.swift; path = ImageDatabaseProtocol.swift; sourceTree = "<group>"; };
		E3A9460E212882560090A1D1 /* ImageDatabase.swift */ = {isa = PBXFileReference; lastKnownFileType = sourcecode.swift; path = ImageDatabase.swift; sourceTree = "<group>"; };
		E3A9461121288CDB0090A1D1 /* ImageDataProcessorProtocol.swift */ = {isa = PBXFileReference; lastKnownFileType = sourcecode.swift; path = ImageDataProcessorProtocol.swift; sourceTree = "<group>"; };
		E3A9461321288D0A0090A1D1 /* ImageDataProcessor.swift */ = {isa = PBXFileReference; lastKnownFileType = sourcecode.swift; path = ImageDataProcessor.swift; sourceTree = "<group>"; };
		E3A94615212891E00090A1D1 /* ImageDatabaseTests.swift */ = {isa = PBXFileReference; lastKnownFileType = sourcecode.swift; path = ImageDatabaseTests.swift; sourceTree = "<group>"; };
		E3A94618212895D60090A1D1 /* testData.json */ = {isa = PBXFileReference; fileEncoding = 4; lastKnownFileType = text.json; path = testData.json; sourceTree = "<group>"; };
		E3A9461A2128A4DB0090A1D1 /* ImageDatabaseStub.swift */ = {isa = PBXFileReference; lastKnownFileType = sourcecode.swift; path = ImageDatabaseStub.swift; sourceTree = "<group>"; };
		E3A9461C2128A6520090A1D1 /* ImageDataProcessorTests.swift */ = {isa = PBXFileReference; lastKnownFileType = sourcecode.swift; path = ImageDataProcessorTests.swift; sourceTree = "<group>"; };
		E3A946202128A7F30090A1D1 /* testImage.jpg */ = {isa = PBXFileReference; lastKnownFileType = image.jpeg; path = testImage.jpg; sourceTree = "<group>"; };
		E3A946222128ACA40090A1D1 /* ImageDataProcessorStub.swift */ = {isa = PBXFileReference; lastKnownFileType = sourcecode.swift; path = ImageDataProcessorStub.swift; sourceTree = "<group>"; };
		E3A946242128C1EB0090A1D1 /* ImagesManagerStub.swift */ = {isa = PBXFileReference; lastKnownFileType = sourcecode.swift; path = ImagesManagerStub.swift; sourceTree = "<group>"; };
		E3BD8A6F21246C000062C6B3 /* GalleryImagesUpload.app */ = {isa = PBXFileReference; explicitFileType = wrapper.application; includeInIndex = 0; path = GalleryImagesUpload.app; sourceTree = BUILT_PRODUCTS_DIR; };
		E3BD8A7221246C000062C6B3 /* AppDelegate.swift */ = {isa = PBXFileReference; lastKnownFileType = sourcecode.swift; path = AppDelegate.swift; sourceTree = "<group>"; };
		E3BD8A7721246C000062C6B3 /* Base */ = {isa = PBXFileReference; lastKnownFileType = file.storyboard; name = Base; path = Base.lproj/Main.storyboard; sourceTree = "<group>"; };
		E3BD8A7921246C010062C6B3 /* Assets.xcassets */ = {isa = PBXFileReference; lastKnownFileType = folder.assetcatalog; path = Assets.xcassets; sourceTree = "<group>"; };
		E3BD8A7C21246C010062C6B3 /* Base */ = {isa = PBXFileReference; lastKnownFileType = file.storyboard; name = Base; path = Base.lproj/LaunchScreen.storyboard; sourceTree = "<group>"; };
		E3BD8A7E21246C010062C6B3 /* Info.plist */ = {isa = PBXFileReference; lastKnownFileType = text.plist.xml; path = Info.plist; sourceTree = "<group>"; };
		E3BD8A8321246C010062C6B3 /* GalleryImagesUploadTests.xctest */ = {isa = PBXFileReference; explicitFileType = wrapper.cfbundle; includeInIndex = 0; path = GalleryImagesUploadTests.xctest; sourceTree = BUILT_PRODUCTS_DIR; };
		E3BD8A8921246C010062C6B3 /* Info.plist */ = {isa = PBXFileReference; lastKnownFileType = text.plist.xml; path = Info.plist; sourceTree = "<group>"; };
		E3BD8A9621246D500062C6B3 /* GalleryViewController.swift */ = {isa = PBXFileReference; fileEncoding = 4; lastKnownFileType = sourcecode.swift; path = GalleryViewController.swift; sourceTree = "<group>"; };
		E3BD8A9C212471D00062C6B3 /* Presenter.swift */ = {isa = PBXFileReference; lastKnownFileType = sourcecode.swift; path = Presenter.swift; sourceTree = "<group>"; };
		E3BD8A9E212471DA0062C6B3 /* View.swift */ = {isa = PBXFileReference; lastKnownFileType = sourcecode.swift; path = View.swift; sourceTree = "<group>"; };
		E3BD8AA2212471FD0062C6B3 /* ScreenPresenter.swift */ = {isa = PBXFileReference; lastKnownFileType = sourcecode.swift; path = ScreenPresenter.swift; sourceTree = "<group>"; };
		E3BD8AA42124720A0062C6B3 /* ScreenView.swift */ = {isa = PBXFileReference; lastKnownFileType = sourcecode.swift; path = ScreenView.swift; sourceTree = "<group>"; };
		E3BD8AA6212474A40062C6B3 /* GalleryProtocols.swift */ = {isa = PBXFileReference; lastKnownFileType = sourcecode.swift; path = GalleryProtocols.swift; sourceTree = "<group>"; };
		E3BD8AA82124755F0062C6B3 /* BaseViewController.swift */ = {isa = PBXFileReference; lastKnownFileType = sourcecode.swift; path = BaseViewController.swift; sourceTree = "<group>"; };
		E3BD8AAA212475C60062C6B3 /* GalleryPresenter.swift */ = {isa = PBXFileReference; lastKnownFileType = sourcecode.swift; path = GalleryPresenter.swift; sourceTree = "<group>"; };
		E3BD8AAD212477410062C6B3 /* GalleryAssembly.swift */ = {isa = PBXFileReference; lastKnownFileType = sourcecode.swift; path = GalleryAssembly.swift; sourceTree = "<group>"; };
		E3BD8AAF2124781D0062C6B3 /* DependencyManager.swift */ = {isa = PBXFileReference; lastKnownFileType = sourcecode.swift; path = DependencyManager.swift; sourceTree = "<group>"; };
		E3BD8AB52124B8900062C6B3 /* ImagePicker.swift */ = {isa = PBXFileReference; lastKnownFileType = sourcecode.swift; path = ImagePicker.swift; sourceTree = "<group>"; };
		E3DB72042126B57800AEDB7B /* DataLoaderProtocol.swift */ = {isa = PBXFileReference; fileEncoding = 4; lastKnownFileType = sourcecode.swift; path = DataLoaderProtocol.swift; sourceTree = "<group>"; };
		E3DB72052126B57800AEDB7B /* DataLoader.swift */ = {isa = PBXFileReference; fileEncoding = 4; lastKnownFileType = sourcecode.swift; path = DataLoader.swift; sourceTree = "<group>"; };
		E3DB72102127152300AEDB7B /* PreviewProtocols.swift */ = {isa = PBXFileReference; lastKnownFileType = sourcecode.swift; path = PreviewProtocols.swift; sourceTree = "<group>"; };
		E3DB72122127154000AEDB7B /* PreviewPresenter.swift */ = {isa = PBXFileReference; lastKnownFileType = sourcecode.swift; path = PreviewPresenter.swift; sourceTree = "<group>"; };
		E3DB72142127154F00AEDB7B /* PreviewViewController.swift */ = {isa = PBXFileReference; lastKnownFileType = sourcecode.swift; path = PreviewViewController.swift; sourceTree = "<group>"; };
		E3DB72162127181000AEDB7B /* DateFormatter+Extensions.swift */ = {isa = PBXFileReference; lastKnownFileType = sourcecode.swift; path = "DateFormatter+Extensions.swift"; sourceTree = "<group>"; };
		E3DB721821271CC400AEDB7B /* PreviewAssembly.swift */ = {isa = PBXFileReference; lastKnownFileType = sourcecode.swift; path = PreviewAssembly.swift; sourceTree = "<group>"; };
		E4C882A2CD114DEC05179A6D /* Pods_GalleryImagesUploadTests.framework */ = {isa = PBXFileReference; explicitFileType = wrapper.framework; includeInIndex = 0; path = Pods_GalleryImagesUploadTests.framework; sourceTree = BUILT_PRODUCTS_DIR; };
		F167E37F9BD14DAA581C0B7B /* Pods-GalleryImagesUpload.release.xcconfig */ = {isa = PBXFileReference; includeInIndex = 1; lastKnownFileType = text.xcconfig; name = "Pods-GalleryImagesUpload.release.xcconfig"; path = "Pods/Target Support Files/Pods-GalleryImagesUpload/Pods-GalleryImagesUpload.release.xcconfig"; sourceTree = "<group>"; };
/* End PBXFileReference section */

/* Begin PBXFrameworksBuildPhase section */
		E3BD8A6C21246C000062C6B3 /* Frameworks */ = {
			isa = PBXFrameworksBuildPhase;
			buildActionMask = 2147483647;
			files = (
				698BB6277A7EA60AF3B39DCC /* Pods_GalleryImagesUpload.framework in Frameworks */,
			);
			runOnlyForDeploymentPostprocessing = 0;
		};
		E3BD8A8021246C010062C6B3 /* Frameworks */ = {
			isa = PBXFrameworksBuildPhase;
			buildActionMask = 2147483647;
			files = (
				1D9263ECB8D8C035944076D0 /* Pods_GalleryImagesUploadTests.framework in Frameworks */,
			);
			runOnlyForDeploymentPostprocessing = 0;
		};
/* End PBXFrameworksBuildPhase section */

/* Begin PBXGroup section */
		A1C04B0ED712AAFD855CD6DC /* Pods */ = {
			isa = PBXGroup;
			children = (
				373279814CB5C81B2406B645 /* Pods-GalleryImagesUpload.debug.xcconfig */,
				F167E37F9BD14DAA581C0B7B /* Pods-GalleryImagesUpload.release.xcconfig */,
				A3C914C76C8B25A31AC82ACE /* Pods-GalleryImagesUploadTests.debug.xcconfig */,
				6AFC23F264A1BF908A2333E8 /* Pods-GalleryImagesUploadTests.release.xcconfig */,
			);
			name = Pods;
			sourceTree = "<group>";
		};
		E340A0A42125565100BAC623 /* Cell */ = {
			isa = PBXGroup;
			children = (
				E340A0AB2125571B00BAC623 /* GalleryCellPresenter.swift */,
				E340A0A92125570C00BAC623 /* GalleryCell.swift */,
			);
			path = Cell;
			sourceTree = "<group>";
		};
		E340A0AD2125679100BAC623 /* DataObjects */ = {
			isa = PBXGroup;
			children = (
				E340A0AE2125679D00BAC623 /* Image.swift */,
			);
			path = DataObjects;
			sourceTree = "<group>";
		};
		E340A0B42125C39C00BAC623 /* ImagesManager */ = {
			isa = PBXGroup;
			children = (
				E340A0C12125D18B00BAC623 /* ImagesManagerProtocol.swift */,
				E340A0BF2125D16700BAC623 /* ImagesManager.swift */,
			);
			path = ImagesManager;
			sourceTree = "<group>";
		};
		E340A0BA2125C9E500BAC623 /* OperationResult */ = {
			isa = PBXGroup;
			children = (
				E340A0BB2125C9F200BAC623 /* OperationResult.swift */,
				E340A0BD2125CA4600BAC623 /* OperationError.swift */,
			);
			path = OperationResult;
			sourceTree = "<group>";
		};
		E38711002126107300AF2DC0 /* Utilities */ = {
			isa = PBXGroup;
			children = (
				E38711012126107300AF2DC0 /* Extensions */,
			);
			path = Utilities;
			sourceTree = "<group>";
		};
		E38711012126107300AF2DC0 /* Extensions */ = {
			isa = PBXGroup;
			children = (
				E38711022126108D00AF2DC0 /* UIImage+Extensions.swift */,
				E3DB72162127181000AEDB7B /* DateFormatter+Extensions.swift */,
			);
			path = Extensions;
			sourceTree = "<group>";
		};
		E3A946062128542D0090A1D1 /* Mock */ = {
			isa = PBXGroup;
			children = (
				E3A94609212854780090A1D1 /* DataLoaderStub.swift */,
				E3A9461A2128A4DB0090A1D1 /* ImageDatabaseStub.swift */,
				E3A946222128ACA40090A1D1 /* ImageDataProcessorStub.swift */,
				E3A946242128C1EB0090A1D1 /* ImagesManagerStub.swift */,
			);
			path = Mock;
			sourceTree = "<group>";
		};
		E3A9460B212882330090A1D1 /* ImageDatabase */ = {
			isa = PBXGroup;
			children = (
				E3A9460C212882480090A1D1 /* ImageDatabaseProtocol.swift */,
				E3A9460E212882560090A1D1 /* ImageDatabase.swift */,
			);
			path = ImageDatabase;
			sourceTree = "<group>";
		};
		E3A9461021288CC40090A1D1 /* ImageDataProcessor */ = {
			isa = PBXGroup;
			children = (
				E3A9461121288CDB0090A1D1 /* ImageDataProcessorProtocol.swift */,
				E3A9461321288D0A0090A1D1 /* ImageDataProcessor.swift */,
			);
			path = ImageDataProcessor;
			sourceTree = "<group>";
		};
		E3A94617212895D60090A1D1 /* TestData */ = {
			isa = PBXGroup;
			children = (
				E3A946202128A7F30090A1D1 /* testImage.jpg */,
				E3A94618212895D60090A1D1 /* testData.json */,
			);
			path = TestData;
			sourceTree = "<group>";
		};
		E3BD8A6621246C000062C6B3 = {
			isa = PBXGroup;
			children = (
				E3BD8A7121246C000062C6B3 /* GalleryImagesUpload */,
				E3BD8A8621246C010062C6B3 /* GalleryImagesUploadTests */,
				E3BD8A7021246C000062C6B3 /* Products */,
				A1C04B0ED712AAFD855CD6DC /* Pods */,
				FAD72585EF36ABD73DE947B4 /* Frameworks */,
			);
			sourceTree = "<group>";
		};
		E3BD8A7021246C000062C6B3 /* Products */ = {
			isa = PBXGroup;
			children = (
				E3BD8A6F21246C000062C6B3 /* GalleryImagesUpload.app */,
				E3BD8A8321246C010062C6B3 /* GalleryImagesUploadTests.xctest */,
			);
			name = Products;
			sourceTree = "<group>";
		};
		E3BD8A7121246C000062C6B3 /* GalleryImagesUpload */ = {
			isa = PBXGroup;
			children = (
				E38711002126107300AF2DC0 /* Utilities */,
				E3BD8A9A212471C10062C6B3 /* DI */,
				E3BD8A9B212471C10062C6B3 /* MVP */,
				E3BD8A9821246D500062C6B3 /* Model */,
				E3BD8A9321246D500062C6B3 /* UI */,
				E3BD8A7221246C000062C6B3 /* AppDelegate.swift */,
				E3BD8A7621246C000062C6B3 /* Main.storyboard */,
				E3BD8A7921246C010062C6B3 /* Assets.xcassets */,
				E3BD8A7B21246C010062C6B3 /* LaunchScreen.storyboard */,
				E3BD8A7E21246C010062C6B3 /* Info.plist */,
				E340A0B02125B92600BAC623 /* GoogleService-Info.plist */,
			);
			path = GalleryImagesUpload;
			sourceTree = "<group>";
		};
		E3BD8A8621246C010062C6B3 /* GalleryImagesUploadTests */ = {
			isa = PBXGroup;
			children = (
				E3A94617212895D60090A1D1 /* TestData */,
				E3A946062128542D0090A1D1 /* Mock */,
				E3A945FE212831060090A1D1 /* DependencyManagerTests.swift */,
				E3A94601212831330090A1D1 /* OperationResultTests.swift */,
				E3A945FD212831060090A1D1 /* DataLoaderTests.swift */,
				E3A94615212891E00090A1D1 /* ImageDatabaseTests.swift */,
				E3A9461C2128A6520090A1D1 /* ImageDataProcessorTests.swift */,
				E3A94607212854390090A1D1 /* ImagesManagerTests.swift */,
				E3BD8A8921246C010062C6B3 /* Info.plist */,
			);
			path = GalleryImagesUploadTests;
			sourceTree = "<group>";
		};
		E3BD8A9321246D500062C6B3 /* UI */ = {
			isa = PBXGroup;
			children = (
				E3BD8A9721246D500062C6B3 /* Base */,
				E3BD8A9421246D500062C6B3 /* ViewControllers */,
			);
			path = UI;
			sourceTree = "<group>";
		};
		E3BD8A9421246D500062C6B3 /* ViewControllers */ = {
			isa = PBXGroup;
			children = (
				E3BD8A9521246D500062C6B3 /* Gallery */,
				E3DB720F2127150F00AEDB7B /* Preview */,
			);
			path = ViewControllers;
			sourceTree = "<group>";
		};
		E3BD8A9521246D500062C6B3 /* Gallery */ = {
			isa = PBXGroup;
			children = (
				E340A0A42125565100BAC623 /* Cell */,
				E3BD8AA6212474A40062C6B3 /* GalleryProtocols.swift */,
				E3BD8AAA212475C60062C6B3 /* GalleryPresenter.swift */,
				E3BD8A9621246D500062C6B3 /* GalleryViewController.swift */,
				E3BD8AB52124B8900062C6B3 /* ImagePicker.swift */,
			);
			path = Gallery;
			sourceTree = "<group>";
		};
		E3BD8A9721246D500062C6B3 /* Base */ = {
			isa = PBXGroup;
			children = (
				E3BD8AA82124755F0062C6B3 /* BaseViewController.swift */,
				E340A0A7212556F500BAC623 /* BaseTableViewCell.swift */,
			);
			path = Base;
			sourceTree = "<group>";
		};
		E3BD8A9821246D500062C6B3 /* Model */ = {
			isa = PBXGroup;
			children = (
				E340A0AD2125679100BAC623 /* DataObjects */,
				E340A0BA2125C9E500BAC623 /* OperationResult */,
				E3DB72032126B57800AEDB7B /* DataLoader */,
				E3A9460B212882330090A1D1 /* ImageDatabase */,
				E3A9461021288CC40090A1D1 /* ImageDataProcessor */,
				E340A0B42125C39C00BAC623 /* ImagesManager */,
			);
			path = Model;
			sourceTree = "<group>";
		};
		E3BD8A9A212471C10062C6B3 /* DI */ = {
			isa = PBXGroup;
			children = (
				E3BD8AAC2124772F0062C6B3 /* Assemblies */,
				E3BD8AAF2124781D0062C6B3 /* DependencyManager.swift */,
			);
			path = DI;
			sourceTree = "<group>";
		};
		E3BD8A9B212471C10062C6B3 /* MVP */ = {
			isa = PBXGroup;
			children = (
				E3BD8A9C212471D00062C6B3 /* Presenter.swift */,
				E3BD8A9E212471DA0062C6B3 /* View.swift */,
				E3BD8AA2212471FD0062C6B3 /* ScreenPresenter.swift */,
				E3BD8AA42124720A0062C6B3 /* ScreenView.swift */,
			);
			path = MVP;
			sourceTree = "<group>";
		};
		E3BD8AAC2124772F0062C6B3 /* Assemblies */ = {
			isa = PBXGroup;
			children = (
				E38710FE2125F36100AF2DC0 /* ImagesManagerAssembly.swift */,
				E3BD8AAD212477410062C6B3 /* GalleryAssembly.swift */,
				E3DB721821271CC400AEDB7B /* PreviewAssembly.swift */,
			);
			path = Assemblies;
			sourceTree = "<group>";
		};
		E3DB72032126B57800AEDB7B /* DataLoader */ = {
			isa = PBXGroup;
			children = (
				E3DB72042126B57800AEDB7B /* DataLoaderProtocol.swift */,
				E3DB72052126B57800AEDB7B /* DataLoader.swift */,
			);
			path = DataLoader;
			sourceTree = "<group>";
		};
		E3DB720F2127150F00AEDB7B /* Preview */ = {
			isa = PBXGroup;
			children = (
				E3DB72102127152300AEDB7B /* PreviewProtocols.swift */,
				E3DB72122127154000AEDB7B /* PreviewPresenter.swift */,
				E3DB72142127154F00AEDB7B /* PreviewViewController.swift */,
			);
			path = Preview;
			sourceTree = "<group>";
		};
		FAD72585EF36ABD73DE947B4 /* Frameworks */ = {
			isa = PBXGroup;
			children = (
				59677416B61D945A0ACDC953 /* Pods_GalleryImagesUpload.framework */,
				E4C882A2CD114DEC05179A6D /* Pods_GalleryImagesUploadTests.framework */,
			);
			name = Frameworks;
			sourceTree = "<group>";
		};
/* End PBXGroup section */

/* Begin PBXNativeTarget section */
		E3BD8A6E21246C000062C6B3 /* GalleryImagesUpload */ = {
			isa = PBXNativeTarget;
			buildConfigurationList = E3BD8A8C21246C010062C6B3 /* Build configuration list for PBXNativeTarget "GalleryImagesUpload" */;
			buildPhases = (
				8647B20FD77254EA7B1DA263 /* [CP] Check Pods Manifest.lock */,
				E3BD8A6B21246C000062C6B3 /* Sources */,
				E3BD8A6C21246C000062C6B3 /* Frameworks */,
				E3BD8A6D21246C000062C6B3 /* Resources */,
				C5E6FDB258E2C5498E9B9501 /* [CP] Embed Pods Frameworks */,
			);
			buildRules = (
			);
			dependencies = (
			);
			name = GalleryImagesUpload;
			productName = GalleryImagesUpload;
			productReference = E3BD8A6F21246C000062C6B3 /* GalleryImagesUpload.app */;
			productType = "com.apple.product-type.application";
		};
		E3BD8A8221246C010062C6B3 /* GalleryImagesUploadTests */ = {
			isa = PBXNativeTarget;
			buildConfigurationList = E3BD8A8F21246C010062C6B3 /* Build configuration list for PBXNativeTarget "GalleryImagesUploadTests" */;
			buildPhases = (
				C8CA23D9C646D373A0EA85D7 /* [CP] Check Pods Manifest.lock */,
				E3BD8A7F21246C010062C6B3 /* Sources */,
				E3BD8A8021246C010062C6B3 /* Frameworks */,
				E3BD8A8121246C010062C6B3 /* Resources */,
				0D1327BECC54DE383FF8A824 /* [CP] Embed Pods Frameworks */,
			);
			buildRules = (
			);
			dependencies = (
				E3BD8A8521246C010062C6B3 /* PBXTargetDependency */,
			);
			name = GalleryImagesUploadTests;
			productName = GalleryImagesUploadTests;
			productReference = E3BD8A8321246C010062C6B3 /* GalleryImagesUploadTests.xctest */;
			productType = "com.apple.product-type.bundle.unit-test";
		};
/* End PBXNativeTarget section */

/* Begin PBXProject section */
		E3BD8A6721246C000062C6B3 /* Project object */ = {
			isa = PBXProject;
			attributes = {
				LastSwiftUpdateCheck = 0940;
				LastUpgradeCheck = 0940;
				ORGANIZATIONNAME = "Alexander Snegursky";
				TargetAttributes = {
					E3BD8A6E21246C000062C6B3 = {
						CreatedOnToolsVersion = 9.4.1;
					};
					E3BD8A8221246C010062C6B3 = {
						CreatedOnToolsVersion = 9.4.1;
						LastSwiftMigration = 0940;
						TestTargetID = E3BD8A6E21246C000062C6B3;
					};
				};
			};
			buildConfigurationList = E3BD8A6A21246C000062C6B3 /* Build configuration list for PBXProject "GalleryImagesUpload" */;
			compatibilityVersion = "Xcode 9.3";
			developmentRegion = en;
			hasScannedForEncodings = 0;
			knownRegions = (
				en,
				Base,
			);
			mainGroup = E3BD8A6621246C000062C6B3;
			productRefGroup = E3BD8A7021246C000062C6B3 /* Products */;
			projectDirPath = "";
			projectRoot = "";
			targets = (
				E3BD8A6E21246C000062C6B3 /* GalleryImagesUpload */,
				E3BD8A8221246C010062C6B3 /* GalleryImagesUploadTests */,
			);
		};
/* End PBXProject section */

/* Begin PBXResourcesBuildPhase section */
		E3BD8A6D21246C000062C6B3 /* Resources */ = {
			isa = PBXResourcesBuildPhase;
			buildActionMask = 2147483647;
			files = (
				E3BD8A7D21246C010062C6B3 /* LaunchScreen.storyboard in Resources */,
				E340A0B12125B92600BAC623 /* GoogleService-Info.plist in Resources */,
				E3BD8A7A21246C010062C6B3 /* Assets.xcassets in Resources */,
				E3BD8A7821246C000062C6B3 /* Main.storyboard in Resources */,
			);
			runOnlyForDeploymentPostprocessing = 0;
		};
		E3BD8A8121246C010062C6B3 /* Resources */ = {
			isa = PBXResourcesBuildPhase;
			buildActionMask = 2147483647;
			files = (
				E3A94619212895D60090A1D1 /* testData.json in Resources */,
				E3A946212128A7F30090A1D1 /* testImage.jpg in Resources */,
			);
			runOnlyForDeploymentPostprocessing = 0;
		};
/* End PBXResourcesBuildPhase section */

/* Begin PBXShellScriptBuildPhase section */
		0D1327BECC54DE383FF8A824 /* [CP] Embed Pods Frameworks */ = {
			isa = PBXShellScriptBuildPhase;
			buildActionMask = 2147483647;
			files = (
			);
			inputPaths = (
				"${SRCROOT}/Pods/Target Support Files/Pods-GalleryImagesUploadTests/Pods-GalleryImagesUploadTests-frameworks.sh",
				"${BUILT_PRODUCTS_DIR}/Nimble/Nimble.framework",
				"${BUILT_PRODUCTS_DIR}/Quick/Quick.framework",
			);
			name = "[CP] Embed Pods Frameworks";
			outputPaths = (
				"${TARGET_BUILD_DIR}/${FRAMEWORKS_FOLDER_PATH}/Nimble.framework",
				"${TARGET_BUILD_DIR}/${FRAMEWORKS_FOLDER_PATH}/Quick.framework",
			);
			runOnlyForDeploymentPostprocessing = 0;
			shellPath = /bin/sh;
			shellScript = "\"${SRCROOT}/Pods/Target Support Files/Pods-GalleryImagesUploadTests/Pods-GalleryImagesUploadTests-frameworks.sh\"\n";
			showEnvVarsInLog = 0;
		};
		8647B20FD77254EA7B1DA263 /* [CP] Check Pods Manifest.lock */ = {
			isa = PBXShellScriptBuildPhase;
			buildActionMask = 2147483647;
			files = (
			);
			inputPaths = (
				"${PODS_PODFILE_DIR_PATH}/Podfile.lock",
				"${PODS_ROOT}/Manifest.lock",
			);
			name = "[CP] Check Pods Manifest.lock";
			outputPaths = (
				"$(DERIVED_FILE_DIR)/Pods-GalleryImagesUpload-checkManifestLockResult.txt",
			);
			runOnlyForDeploymentPostprocessing = 0;
			shellPath = /bin/sh;
			shellScript = "diff \"${PODS_PODFILE_DIR_PATH}/Podfile.lock\" \"${PODS_ROOT}/Manifest.lock\" > /dev/null\nif [ $? != 0 ] ; then\n    # print error to STDERR\n    echo \"error: The sandbox is not in sync with the Podfile.lock. Run 'pod install' or update your CocoaPods installation.\" >&2\n    exit 1\nfi\n# This output is used by Xcode 'outputs' to avoid re-running this script phase.\necho \"SUCCESS\" > \"${SCRIPT_OUTPUT_FILE_0}\"\n";
			showEnvVarsInLog = 0;
		};
		C5E6FDB258E2C5498E9B9501 /* [CP] Embed Pods Frameworks */ = {
			isa = PBXShellScriptBuildPhase;
			buildActionMask = 2147483647;
			files = (
			);
			inputPaths = (
				"${SRCROOT}/Pods/Target Support Files/Pods-GalleryImagesUpload/Pods-GalleryImagesUpload-frameworks.sh",
				"${BUILT_PRODUCTS_DIR}/Alamofire/Alamofire.framework",
				"${BUILT_PRODUCTS_DIR}/AlamofireImage/AlamofireImage.framework",
				"${BUILT_PRODUCTS_DIR}/CropViewController/CropViewController.framework",
				"${BUILT_PRODUCTS_DIR}/GTMSessionFetcher/GTMSessionFetcher.framework",
				"${BUILT_PRODUCTS_DIR}/GoogleUtilities/GoogleUtilities.framework",
				"${BUILT_PRODUCTS_DIR}/SVProgressHUD/SVProgressHUD.framework",
				"${BUILT_PRODUCTS_DIR}/Swinject/Swinject.framework",
				"${BUILT_PRODUCTS_DIR}/SwinjectStoryboard/SwinjectStoryboard.framework",
				"${BUILT_PRODUCTS_DIR}/nanopb/nanopb.framework",
			);
			name = "[CP] Embed Pods Frameworks";
			outputPaths = (
				"${TARGET_BUILD_DIR}/${FRAMEWORKS_FOLDER_PATH}/Alamofire.framework",
				"${TARGET_BUILD_DIR}/${FRAMEWORKS_FOLDER_PATH}/AlamofireImage.framework",
				"${TARGET_BUILD_DIR}/${FRAMEWORKS_FOLDER_PATH}/CropViewController.framework",
				"${TARGET_BUILD_DIR}/${FRAMEWORKS_FOLDER_PATH}/GTMSessionFetcher.framework",
				"${TARGET_BUILD_DIR}/${FRAMEWORKS_FOLDER_PATH}/GoogleUtilities.framework",
				"${TARGET_BUILD_DIR}/${FRAMEWORKS_FOLDER_PATH}/SVProgressHUD.framework",
				"${TARGET_BUILD_DIR}/${FRAMEWORKS_FOLDER_PATH}/Swinject.framework",
				"${TARGET_BUILD_DIR}/${FRAMEWORKS_FOLDER_PATH}/SwinjectStoryboard.framework",
				"${TARGET_BUILD_DIR}/${FRAMEWORKS_FOLDER_PATH}/nanopb.framework",
			);
			runOnlyForDeploymentPostprocessing = 0;
			shellPath = /bin/sh;
			shellScript = "\"${SRCROOT}/Pods/Target Support Files/Pods-GalleryImagesUpload/Pods-GalleryImagesUpload-frameworks.sh\"\n";
			showEnvVarsInLog = 0;
		};
		C8CA23D9C646D373A0EA85D7 /* [CP] Check Pods Manifest.lock */ = {
			isa = PBXShellScriptBuildPhase;
			buildActionMask = 2147483647;
			files = (
			);
			inputPaths = (
				"${PODS_PODFILE_DIR_PATH}/Podfile.lock",
				"${PODS_ROOT}/Manifest.lock",
			);
			name = "[CP] Check Pods Manifest.lock";
			outputPaths = (
				"$(DERIVED_FILE_DIR)/Pods-GalleryImagesUploadTests-checkManifestLockResult.txt",
			);
			runOnlyForDeploymentPostprocessing = 0;
			shellPath = /bin/sh;
			shellScript = "diff \"${PODS_PODFILE_DIR_PATH}/Podfile.lock\" \"${PODS_ROOT}/Manifest.lock\" > /dev/null\nif [ $? != 0 ] ; then\n    # print error to STDERR\n    echo \"error: The sandbox is not in sync with the Podfile.lock. Run 'pod install' or update your CocoaPods installation.\" >&2\n    exit 1\nfi\n# This output is used by Xcode 'outputs' to avoid re-running this script phase.\necho \"SUCCESS\" > \"${SCRIPT_OUTPUT_FILE_0}\"\n";
			showEnvVarsInLog = 0;
		};
/* End PBXShellScriptBuildPhase section */

/* Begin PBXSourcesBuildPhase section */
		E3BD8A6B21246C000062C6B3 /* Sources */ = {
			isa = PBXSourcesBuildPhase;
			buildActionMask = 2147483647;
			files = (
				E3A9460D212882480090A1D1 /* ImageDatabaseProtocol.swift in Sources */,
				E3BD8AA52124720A0062C6B3 /* ScreenView.swift in Sources */,
				E3A9461421288D0A0090A1D1 /* ImageDataProcessor.swift in Sources */,
				E38710FF2125F36100AF2DC0 /* ImagesManagerAssembly.swift in Sources */,
				E3BD8AA3212471FD0062C6B3 /* ScreenPresenter.swift in Sources */,
				E3BD8A9F212471DA0062C6B3 /* View.swift in Sources */,
				E3BD8AA7212474A40062C6B3 /* GalleryProtocols.swift in Sources */,
				E3A9460F212882560090A1D1 /* ImageDatabase.swift in Sources */,
				E340A0A8212556F600BAC623 /* BaseTableViewCell.swift in Sources */,
				E3DB72112127152300AEDB7B /* PreviewProtocols.swift in Sources */,
				E3BD8A9D212471D00062C6B3 /* Presenter.swift in Sources */,
				E3BD8AA92124755F0062C6B3 /* BaseViewController.swift in Sources */,
				E3BD8AAE212477410062C6B3 /* GalleryAssembly.swift in Sources */,
				E340A0BE2125CA4600BAC623 /* OperationError.swift in Sources */,
				E340A0AA2125570C00BAC623 /* GalleryCell.swift in Sources */,
				E3A9461221288CDB0090A1D1 /* ImageDataProcessorProtocol.swift in Sources */,
				E340A0AF2125679D00BAC623 /* Image.swift in Sources */,
				E3DB72172127181000AEDB7B /* DateFormatter+Extensions.swift in Sources */,
				E3BD8A9921246D500062C6B3 /* GalleryViewController.swift in Sources */,
				E3DB72062126B57800AEDB7B /* DataLoaderProtocol.swift in Sources */,
				E38711032126108D00AF2DC0 /* UIImage+Extensions.swift in Sources */,
				E340A0BC2125C9F200BAC623 /* OperationResult.swift in Sources */,
				E340A0C22125D18B00BAC623 /* ImagesManagerProtocol.swift in Sources */,
				E340A0C02125D16700BAC623 /* ImagesManager.swift in Sources */,
				E340A0AC2125571B00BAC623 /* GalleryCellPresenter.swift in Sources */,
				E3BD8AAB212475C60062C6B3 /* GalleryPresenter.swift in Sources */,
				E3DB72072126B57800AEDB7B /* DataLoader.swift in Sources */,
				E3DB72152127154F00AEDB7B /* PreviewViewController.swift in Sources */,
				E3BD8AB62124B8900062C6B3 /* ImagePicker.swift in Sources */,
				E3DB72132127154000AEDB7B /* PreviewPresenter.swift in Sources */,
				E3BD8A7321246C000062C6B3 /* AppDelegate.swift in Sources */,
				E3DB721921271CC400AEDB7B /* PreviewAssembly.swift in Sources */,
				E3BD8AB02124781D0062C6B3 /* DependencyManager.swift in Sources */,
			);
			runOnlyForDeploymentPostprocessing = 0;
		};
		E3BD8A7F21246C010062C6B3 /* Sources */ = {
			isa = PBXSourcesBuildPhase;
			buildActionMask = 2147483647;
			files = (
				E3A9461D2128A6520090A1D1 /* ImageDataProcessorTests.swift in Sources */,
				E3A94608212854390090A1D1 /* ImagesManagerTests.swift in Sources */,
				E3A946232128ACA40090A1D1 /* ImageDataProcessorStub.swift in Sources */,
				E3A946252128C1EB0090A1D1 /* ImagesManagerStub.swift in Sources */,
				E3A94602212831330090A1D1 /* OperationResultTests.swift in Sources */,
				E3A9460A212854780090A1D1 /* DataLoaderStub.swift in Sources */,
				E3A9461B2128A4DB0090A1D1 /* ImageDatabaseStub.swift in Sources */,
				E3A94600212831060090A1D1 /* DependencyManagerTests.swift in Sources */,
				E3A94616212891E00090A1D1 /* ImageDatabaseTests.swift in Sources */,
				E3A945FF212831060090A1D1 /* DataLoaderTests.swift in Sources */,
			);
			runOnlyForDeploymentPostprocessing = 0;
		};
/* End PBXSourcesBuildPhase section */

/* Begin PBXTargetDependency section */
		E3BD8A8521246C010062C6B3 /* PBXTargetDependency */ = {
			isa = PBXTargetDependency;
			target = E3BD8A6E21246C000062C6B3 /* GalleryImagesUpload */;
			targetProxy = E3BD8A8421246C010062C6B3 /* PBXContainerItemProxy */;
		};
/* End PBXTargetDependency section */

/* Begin PBXVariantGroup section */
		E3BD8A7621246C000062C6B3 /* Main.storyboard */ = {
			isa = PBXVariantGroup;
			children = (
				E3BD8A7721246C000062C6B3 /* Base */,
			);
			name = Main.storyboard;
			sourceTree = "<group>";
		};
		E3BD8A7B21246C010062C6B3 /* LaunchScreen.storyboard */ = {
			isa = PBXVariantGroup;
			children = (
				E3BD8A7C21246C010062C6B3 /* Base */,
			);
			name = LaunchScreen.storyboard;
			sourceTree = "<group>";
		};
/* End PBXVariantGroup section */

/* Begin XCBuildConfiguration section */
		E3BD8A8A21246C010062C6B3 /* Debug */ = {
			isa = XCBuildConfiguration;
			buildSettings = {
				ALWAYS_SEARCH_USER_PATHS = NO;
				CLANG_ANALYZER_NONNULL = YES;
				CLANG_ANALYZER_NUMBER_OBJECT_CONVERSION = YES_AGGRESSIVE;
				CLANG_CXX_LANGUAGE_STANDARD = "gnu++14";
				CLANG_CXX_LIBRARY = "libc++";
				CLANG_ENABLE_MODULES = YES;
				CLANG_ENABLE_OBJC_ARC = YES;
				CLANG_ENABLE_OBJC_WEAK = YES;
				CLANG_WARN_BLOCK_CAPTURE_AUTORELEASING = YES;
				CLANG_WARN_BOOL_CONVERSION = YES;
				CLANG_WARN_COMMA = YES;
				CLANG_WARN_CONSTANT_CONVERSION = YES;
				CLANG_WARN_DEPRECATED_OBJC_IMPLEMENTATIONS = YES;
				CLANG_WARN_DIRECT_OBJC_ISA_USAGE = YES_ERROR;
				CLANG_WARN_DOCUMENTATION_COMMENTS = YES;
				CLANG_WARN_EMPTY_BODY = YES;
				CLANG_WARN_ENUM_CONVERSION = YES;
				CLANG_WARN_INFINITE_RECURSION = YES;
				CLANG_WARN_INT_CONVERSION = YES;
				CLANG_WARN_NON_LITERAL_NULL_CONVERSION = YES;
				CLANG_WARN_OBJC_IMPLICIT_RETAIN_SELF = YES;
				CLANG_WARN_OBJC_LITERAL_CONVERSION = YES;
				CLANG_WARN_OBJC_ROOT_CLASS = YES_ERROR;
				CLANG_WARN_RANGE_LOOP_ANALYSIS = YES;
				CLANG_WARN_STRICT_PROTOTYPES = YES;
				CLANG_WARN_SUSPICIOUS_MOVE = YES;
				CLANG_WARN_UNGUARDED_AVAILABILITY = YES_AGGRESSIVE;
				CLANG_WARN_UNREACHABLE_CODE = YES;
				CLANG_WARN__DUPLICATE_METHOD_MATCH = YES;
				CODE_SIGN_IDENTITY = "iPhone Developer";
				COPY_PHASE_STRIP = NO;
				DEBUG_INFORMATION_FORMAT = dwarf;
				ENABLE_STRICT_OBJC_MSGSEND = YES;
				ENABLE_TESTABILITY = YES;
				GCC_C_LANGUAGE_STANDARD = gnu11;
				GCC_DYNAMIC_NO_PIC = NO;
				GCC_NO_COMMON_BLOCKS = YES;
				GCC_OPTIMIZATION_LEVEL = 0;
				GCC_PREPROCESSOR_DEFINITIONS = (
					"DEBUG=1",
					"$(inherited)",
				);
				GCC_WARN_64_TO_32_BIT_CONVERSION = YES;
				GCC_WARN_ABOUT_RETURN_TYPE = YES_ERROR;
				GCC_WARN_UNDECLARED_SELECTOR = YES;
				GCC_WARN_UNINITIALIZED_AUTOS = YES_AGGRESSIVE;
				GCC_WARN_UNUSED_FUNCTION = YES;
				GCC_WARN_UNUSED_VARIABLE = YES;
				IPHONEOS_DEPLOYMENT_TARGET = 10.0;
				MTL_ENABLE_DEBUG_INFO = YES;
				ONLY_ACTIVE_ARCH = YES;
				SDKROOT = iphoneos;
				SWIFT_ACTIVE_COMPILATION_CONDITIONS = DEBUG;
				SWIFT_OPTIMIZATION_LEVEL = "-Onone";
			};
			name = Debug;
		};
		E3BD8A8B21246C010062C6B3 /* Release */ = {
			isa = XCBuildConfiguration;
			buildSettings = {
				ALWAYS_SEARCH_USER_PATHS = NO;
				CLANG_ANALYZER_NONNULL = YES;
				CLANG_ANALYZER_NUMBER_OBJECT_CONVERSION = YES_AGGRESSIVE;
				CLANG_CXX_LANGUAGE_STANDARD = "gnu++14";
				CLANG_CXX_LIBRARY = "libc++";
				CLANG_ENABLE_MODULES = YES;
				CLANG_ENABLE_OBJC_ARC = YES;
				CLANG_ENABLE_OBJC_WEAK = YES;
				CLANG_WARN_BLOCK_CAPTURE_AUTORELEASING = YES;
				CLANG_WARN_BOOL_CONVERSION = YES;
				CLANG_WARN_COMMA = YES;
				CLANG_WARN_CONSTANT_CONVERSION = YES;
				CLANG_WARN_DEPRECATED_OBJC_IMPLEMENTATIONS = YES;
				CLANG_WARN_DIRECT_OBJC_ISA_USAGE = YES_ERROR;
				CLANG_WARN_DOCUMENTATION_COMMENTS = YES;
				CLANG_WARN_EMPTY_BODY = YES;
				CLANG_WARN_ENUM_CONVERSION = YES;
				CLANG_WARN_INFINITE_RECURSION = YES;
				CLANG_WARN_INT_CONVERSION = YES;
				CLANG_WARN_NON_LITERAL_NULL_CONVERSION = YES;
				CLANG_WARN_OBJC_IMPLICIT_RETAIN_SELF = YES;
				CLANG_WARN_OBJC_LITERAL_CONVERSION = YES;
				CLANG_WARN_OBJC_ROOT_CLASS = YES_ERROR;
				CLANG_WARN_RANGE_LOOP_ANALYSIS = YES;
				CLANG_WARN_STRICT_PROTOTYPES = YES;
				CLANG_WARN_SUSPICIOUS_MOVE = YES;
				CLANG_WARN_UNGUARDED_AVAILABILITY = YES_AGGRESSIVE;
				CLANG_WARN_UNREACHABLE_CODE = YES;
				CLANG_WARN__DUPLICATE_METHOD_MATCH = YES;
				CODE_SIGN_IDENTITY = "iPhone Developer";
				COPY_PHASE_STRIP = NO;
				DEBUG_INFORMATION_FORMAT = "dwarf-with-dsym";
				ENABLE_NS_ASSERTIONS = NO;
				ENABLE_STRICT_OBJC_MSGSEND = YES;
				GCC_C_LANGUAGE_STANDARD = gnu11;
				GCC_NO_COMMON_BLOCKS = YES;
				GCC_WARN_64_TO_32_BIT_CONVERSION = YES;
				GCC_WARN_ABOUT_RETURN_TYPE = YES_ERROR;
				GCC_WARN_UNDECLARED_SELECTOR = YES;
				GCC_WARN_UNINITIALIZED_AUTOS = YES_AGGRESSIVE;
				GCC_WARN_UNUSED_FUNCTION = YES;
				GCC_WARN_UNUSED_VARIABLE = YES;
				IPHONEOS_DEPLOYMENT_TARGET = 10.0;
				MTL_ENABLE_DEBUG_INFO = NO;
				SDKROOT = iphoneos;
				SWIFT_COMPILATION_MODE = wholemodule;
				SWIFT_OPTIMIZATION_LEVEL = "-O";
				VALIDATE_PRODUCT = YES;
			};
			name = Release;
		};
		E3BD8A8D21246C010062C6B3 /* Debug */ = {
			isa = XCBuildConfiguration;
			baseConfigurationReference = 373279814CB5C81B2406B645 /* Pods-GalleryImagesUpload.debug.xcconfig */;
			buildSettings = {
				ASSETCATALOG_COMPILER_APPICON_NAME = AppIcon;
				CODE_SIGN_STYLE = Automatic;
				DEVELOPMENT_TEAM = 3636WYMG27;
				INFOPLIST_FILE = GalleryImagesUpload/Info.plist;
				IPHONEOS_DEPLOYMENT_TARGET = 10.0;
				LD_RUNPATH_SEARCH_PATHS = (
					"$(inherited)",
					"@executable_path/Frameworks",
				);
				PRODUCT_BUNDLE_IDENTIFIER = com.my.GalleryImagesUpload;
				PRODUCT_NAME = "$(TARGET_NAME)";
				SWIFT_VERSION = 4.0;
				TARGETED_DEVICE_FAMILY = "1,2";
			};
			name = Debug;
		};
		E3BD8A8E21246C010062C6B3 /* Release */ = {
			isa = XCBuildConfiguration;
			baseConfigurationReference = F167E37F9BD14DAA581C0B7B /* Pods-GalleryImagesUpload.release.xcconfig */;
			buildSettings = {
				ASSETCATALOG_COMPILER_APPICON_NAME = AppIcon;
				CODE_SIGN_STYLE = Automatic;
				DEVELOPMENT_TEAM = 3636WYMG27;
				INFOPLIST_FILE = GalleryImagesUpload/Info.plist;
				IPHONEOS_DEPLOYMENT_TARGET = 10.0;
				LD_RUNPATH_SEARCH_PATHS = (
					"$(inherited)",
					"@executable_path/Frameworks",
				);
				PRODUCT_BUNDLE_IDENTIFIER = com.my.GalleryImagesUpload;
				PRODUCT_NAME = "$(TARGET_NAME)";
				SWIFT_VERSION = 4.0;
				TARGETED_DEVICE_FAMILY = "1,2";
			};
			name = Release;
		};
		E3BD8A9021246C010062C6B3 /* Debug */ = {
			isa = XCBuildConfiguration;
			baseConfigurationReference = A3C914C76C8B25A31AC82ACE /* Pods-GalleryImagesUploadTests.debug.xcconfig */;
			buildSettings = {
				ALWAYS_EMBED_SWIFT_STANDARD_LIBRARIES = "$(inherited)";
				BUNDLE_LOADER = "$(TEST_HOST)";
				CLANG_ENABLE_MODULES = YES;
				CODE_SIGN_STYLE = Automatic;
				INFOPLIST_FILE = GalleryImagesUploadTests/Info.plist;
				LD_RUNPATH_SEARCH_PATHS = (
					"$(inherited)",
					"@executable_path/Frameworks",
					"@loader_path/Frameworks",
				);
				PRODUCT_BUNDLE_IDENTIFIER = com.my.GalleryImagesUploadTests;
				PRODUCT_NAME = "$(TARGET_NAME)";
				SWIFT_OPTIMIZATION_LEVEL = "-Onone";
				SWIFT_VERSION = 4.0;
				TARGETED_DEVICE_FAMILY = "1,2";
				TEST_HOST = "$(BUILT_PRODUCTS_DIR)/GalleryImagesUpload.app/GalleryImagesUpload";
			};
			name = Debug;
		};
		E3BD8A9121246C010062C6B3 /* Release */ = {
			isa = XCBuildConfiguration;
			baseConfigurationReference = 6AFC23F264A1BF908A2333E8 /* Pods-GalleryImagesUploadTests.release.xcconfig */;
			buildSettings = {
				ALWAYS_EMBED_SWIFT_STANDARD_LIBRARIES = "$(inherited)";
				BUNDLE_LOADER = "$(TEST_HOST)";
				CLANG_ENABLE_MODULES = YES;
				CODE_SIGN_STYLE = Automatic;
				INFOPLIST_FILE = GalleryImagesUploadTests/Info.plist;
				LD_RUNPATH_SEARCH_PATHS = (
					"$(inherited)",
					"@executable_path/Frameworks",
					"@loader_path/Frameworks",
				);
				PRODUCT_BUNDLE_IDENTIFIER = com.my.GalleryImagesUploadTests;
				PRODUCT_NAME = "$(TARGET_NAME)";
				SWIFT_VERSION = 4.0;
				TARGETED_DEVICE_FAMILY = "1,2";
				TEST_HOST = "$(BUILT_PRODUCTS_DIR)/GalleryImagesUpload.app/GalleryImagesUpload";
			};
			name = Release;
		};
/* End XCBuildConfiguration section */

/* Begin XCConfigurationList section */
		E3BD8A6A21246C000062C6B3 /* Build configuration list for PBXProject "GalleryImagesUpload" */ = {
			isa = XCConfigurationList;
			buildConfigurations = (
				E3BD8A8A21246C010062C6B3 /* Debug */,
				E3BD8A8B21246C010062C6B3 /* Release */,
			);
			defaultConfigurationIsVisible = 0;
			defaultConfigurationName = Release;
		};
		E3BD8A8C21246C010062C6B3 /* Build configuration list for PBXNativeTarget "GalleryImagesUpload" */ = {
			isa = XCConfigurationList;
			buildConfigurations = (
				E3BD8A8D21246C010062C6B3 /* Debug */,
				E3BD8A8E21246C010062C6B3 /* Release */,
			);
			defaultConfigurationIsVisible = 0;
			defaultConfigurationName = Release;
		};
		E3BD8A8F21246C010062C6B3 /* Build configuration list for PBXNativeTarget "GalleryImagesUploadTests" */ = {
			isa = XCConfigurationList;
			buildConfigurations = (
				E3BD8A9021246C010062C6B3 /* Debug */,
				E3BD8A9121246C010062C6B3 /* Release */,
			);
			defaultConfigurationIsVisible = 0;
			defaultConfigurationName = Release;
		};
/* End XCConfigurationList section */
	};
	rootObject = E3BD8A6721246C000062C6B3 /* Project object */;
}
